// !$*UTF8*$!
{
	archiveVersion = 1;
	classes = {
	};
	objectVersion = 56;
	objects = {

/* Begin PBXBuildFile section */
		DF6DA0F52BAC8C3E002350FF /* AppDelegate.swift in Sources */ = {isa = PBXBuildFile; fileRef = DF6DA0F42BAC8C3E002350FF /* AppDelegate.swift */; };
		DF6DA0F72BAC8C3E002350FF /* SceneDelegate.swift in Sources */ = {isa = PBXBuildFile; fileRef = DF6DA0F62BAC8C3E002350FF /* SceneDelegate.swift */; };
		DF6DA0F92BAC8C3E002350FF /* ViewController.swift in Sources */ = {isa = PBXBuildFile; fileRef = DF6DA0F82BAC8C3E002350FF /* ViewController.swift */; };
		DF6DA0FC2BAC8C3E002350FF /* Main.storyboard in Resources */ = {isa = PBXBuildFile; fileRef = DF6DA0FA2BAC8C3E002350FF /* Main.storyboard */; };
		DF6DA0FE2BAC8C40002350FF /* Assets.xcassets in Resources */ = {isa = PBXBuildFile; fileRef = DF6DA0FD2BAC8C40002350FF /* Assets.xcassets */; };
		DF6DA1012BAC8C40002350FF /* LaunchScreen.storyboard in Resources */ = {isa = PBXBuildFile; fileRef = DF6DA0FF2BAC8C40002350FF /* LaunchScreen.storyboard */; };
		DF6DA10C2BAC8C40002350FF /* weatherVkTests.swift in Sources */ = {isa = PBXBuildFile; fileRef = DF6DA10B2BAC8C40002350FF /* weatherVkTests.swift */; };
		DF6DA1162BAC8C40002350FF /* weatherVkUITests.swift in Sources */ = {isa = PBXBuildFile; fileRef = DF6DA1152BAC8C40002350FF /* weatherVkUITests.swift */; };
		DF6DA1182BAC8C40002350FF /* weatherVkUITestsLaunchTests.swift in Sources */ = {isa = PBXBuildFile; fileRef = DF6DA1172BAC8C40002350FF /* weatherVkUITestsLaunchTests.swift */; };
/* End PBXBuildFile section */

/* Begin PBXContainerItemProxy section */
		DF6DA1082BAC8C40002350FF /* PBXContainerItemProxy */ = {
			isa = PBXContainerItemProxy;
			containerPortal = DF6DA0E92BAC8C3E002350FF /* Project object */;
			proxyType = 1;
			remoteGlobalIDString = DF6DA0F02BAC8C3E002350FF;
			remoteInfo = weatherVk;
		};
		DF6DA1122BAC8C40002350FF /* PBXContainerItemProxy */ = {
			isa = PBXContainerItemProxy;
			containerPortal = DF6DA0E92BAC8C3E002350FF /* Project object */;
			proxyType = 1;
			remoteGlobalIDString = DF6DA0F02BAC8C3E002350FF;
			remoteInfo = weatherVk;
		};
/* End PBXContainerItemProxy section */

/* Begin PBXFileReference section */
		DF6DA0F12BAC8C3E002350FF /* weatherVk.app */ = {isa = PBXFileReference; explicitFileType = wrapper.application; includeInIndex = 0; path = weatherVk.app; sourceTree = BUILT_PRODUCTS_DIR; };
		DF6DA0F42BAC8C3E002350FF /* AppDelegate.swift */ = {isa = PBXFileReference; lastKnownFileType = sourcecode.swift; path = AppDelegate.swift; sourceTree = "<group>"; };
		DF6DA0F62BAC8C3E002350FF /* SceneDelegate.swift */ = {isa = PBXFileReference; lastKnownFileType = sourcecode.swift; path = SceneDelegate.swift; sourceTree = "<group>"; };
		DF6DA0F82BAC8C3E002350FF /* ViewController.swift */ = {isa = PBXFileReference; lastKnownFileType = sourcecode.swift; path = ViewController.swift; sourceTree = "<group>"; };
		DF6DA0FB2BAC8C3E002350FF /* Base */ = {isa = PBXFileReference; lastKnownFileType = file.storyboard; name = Base; path = Base.lproj/Main.storyboard; sourceTree = "<group>"; };
		DF6DA0FD2BAC8C40002350FF /* Assets.xcassets */ = {isa = PBXFileReference; lastKnownFileType = folder.assetcatalog; path = Assets.xcassets; sourceTree = "<group>"; };
		DF6DA1002BAC8C40002350FF /* Base */ = {isa = PBXFileReference; lastKnownFileType = file.storyboard; name = Base; path = Base.lproj/LaunchScreen.storyboard; sourceTree = "<group>"; };
		DF6DA1022BAC8C40002350FF /* Info.plist */ = {isa = PBXFileReference; lastKnownFileType = text.plist.xml; path = Info.plist; sourceTree = "<group>"; };
		DF6DA1072BAC8C40002350FF /* weatherVkTests.xctest */ = {isa = PBXFileReference; explicitFileType = wrapper.cfbundle; includeInIndex = 0; path = weatherVkTests.xctest; sourceTree = BUILT_PRODUCTS_DIR; };
		DF6DA10B2BAC8C40002350FF /* weatherVkTests.swift */ = {isa = PBXFileReference; lastKnownFileType = sourcecode.swift; path = weatherVkTests.swift; sourceTree = "<group>"; };
		DF6DA1112BAC8C40002350FF /* weatherVkUITests.xctest */ = {isa = PBXFileReference; explicitFileType = wrapper.cfbundle; includeInIndex = 0; path = weatherVkUITests.xctest; sourceTree = BUILT_PRODUCTS_DIR; };
		DF6DA1152BAC8C40002350FF /* weatherVkUITests.swift */ = {isa = PBXFileReference; lastKnownFileType = sourcecode.swift; path = weatherVkUITests.swift; sourceTree = "<group>"; };
		DF6DA1172BAC8C40002350FF /* weatherVkUITestsLaunchTests.swift */ = {isa = PBXFileReference; lastKnownFileType = sourcecode.swift; path = weatherVkUITestsLaunchTests.swift; sourceTree = "<group>"; };
/* End PBXFileReference section */

/* Begin PBXFrameworksBuildPhase section */
		DF6DA0EE2BAC8C3E002350FF /* Frameworks */ = {
			isa = PBXFrameworksBuildPhase;
			buildActionMask = 2147483647;
			files = (
			);
			runOnlyForDeploymentPostprocessing = 0;
		};
		DF6DA1042BAC8C40002350FF /* Frameworks */ = {
			isa = PBXFrameworksBuildPhase;
			buildActionMask = 2147483647;
			files = (
			);
			runOnlyForDeploymentPostprocessing = 0;
		};
		DF6DA10E2BAC8C40002350FF /* Frameworks */ = {
			isa = PBXFrameworksBuildPhase;
			buildActionMask = 2147483647;
			files = (
			);
			runOnlyForDeploymentPostprocessing = 0;
		};
/* End PBXFrameworksBuildPhase section */

/* Begin PBXGroup section */
		DF6DA0E82BAC8C3E002350FF = {
			isa = PBXGroup;
			children = (
				DF6DA0F32BAC8C3E002350FF /* weatherVk */,
				DF6DA10A2BAC8C40002350FF /* weatherVkTests */,
				DF6DA1142BAC8C40002350FF /* weatherVkUITests */,
				DF6DA0F22BAC8C3E002350FF /* Products */,
			);
			sourceTree = "<group>";
		};
		DF6DA0F22BAC8C3E002350FF /* Products */ = {
			isa = PBXGroup;
			children = (
				DF6DA0F12BAC8C3E002350FF /* weatherVk.app */,
				DF6DA1072BAC8C40002350FF /* weatherVkTests.xctest */,
				DF6DA1112BAC8C40002350FF /* weatherVkUITests.xctest */,
			);
			name = Products;
			sourceTree = "<group>";
		};
		DF6DA0F32BAC8C3E002350FF /* weatherVk */ = {
			isa = PBXGroup;
			children = (
				DF6DA0F42BAC8C3E002350FF /* AppDelegate.swift */,
				DF6DA0F62BAC8C3E002350FF /* SceneDelegate.swift */,
				DF6DA0F82BAC8C3E002350FF /* ViewController.swift */,
				DF6DA0FA2BAC8C3E002350FF /* Main.storyboard */,
				DF6DA0FD2BAC8C40002350FF /* Assets.xcassets */,
				DF6DA0FF2BAC8C40002350FF /* LaunchScreen.storyboard */,
				DF6DA1022BAC8C40002350FF /* Info.plist */,
			);
			path = weatherVk;
			sourceTree = "<group>";
		};
		DF6DA10A2BAC8C40002350FF /* weatherVkTests */ = {
			isa = PBXGroup;
			children = (
				DF6DA10B2BAC8C40002350FF /* weatherVkTests.swift */,
			);
			path = weatherVkTests;
			sourceTree = "<group>";
		};
		DF6DA1142BAC8C40002350FF /* weatherVkUITests */ = {
			isa = PBXGroup;
			children = (
				DF6DA1152BAC8C40002350FF /* weatherVkUITests.swift */,
				DF6DA1172BAC8C40002350FF /* weatherVkUITestsLaunchTests.swift */,
			);
			path = weatherVkUITests;
			sourceTree = "<group>";
		};
/* End PBXGroup section */

/* Begin PBXNativeTarget section */
		DF6DA0F02BAC8C3E002350FF /* weatherVk */ = {
			isa = PBXNativeTarget;
			buildConfigurationList = DF6DA11B2BAC8C40002350FF /* Build configuration list for PBXNativeTarget "weatherVk" */;
			buildPhases = (
				DF6DA0ED2BAC8C3E002350FF /* Sources */,
				DF6DA0EE2BAC8C3E002350FF /* Frameworks */,
				DF6DA0EF2BAC8C3E002350FF /* Resources */,
			);
			buildRules = (
			);
			dependencies = (
			);
			name = weatherVk;
			productName = weatherVk;
			productReference = DF6DA0F12BAC8C3E002350FF /* weatherVk.app */;
			productType = "com.apple.product-type.application";
		};
		DF6DA1062BAC8C40002350FF /* weatherVkTests */ = {
			isa = PBXNativeTarget;
			buildConfigurationList = DF6DA11E2BAC8C40002350FF /* Build configuration list for PBXNativeTarget "weatherVkTests" */;
			buildPhases = (
				DF6DA1032BAC8C40002350FF /* Sources */,
				DF6DA1042BAC8C40002350FF /* Frameworks */,
				DF6DA1052BAC8C40002350FF /* Resources */,
			);
			buildRules = (
			);
			dependencies = (
				DF6DA1092BAC8C40002350FF /* PBXTargetDependency */,
			);
			name = weatherVkTests;
			productName = weatherVkTests;
			productReference = DF6DA1072BAC8C40002350FF /* weatherVkTests.xctest */;
			productType = "com.apple.product-type.bundle.unit-test";
		};
		DF6DA1102BAC8C40002350FF /* weatherVkUITests */ = {
			isa = PBXNativeTarget;
			buildConfigurationList = DF6DA1212BAC8C40002350FF /* Build configuration list for PBXNativeTarget "weatherVkUITests" */;
			buildPhases = (
				DF6DA10D2BAC8C40002350FF /* Sources */,
				DF6DA10E2BAC8C40002350FF /* Frameworks */,
				DF6DA10F2BAC8C40002350FF /* Resources */,
			);
			buildRules = (
			);
			dependencies = (
				DF6DA1132BAC8C40002350FF /* PBXTargetDependency */,
			);
			name = weatherVkUITests;
			productName = weatherVkUITests;
			productReference = DF6DA1112BAC8C40002350FF /* weatherVkUITests.xctest */;
			productType = "com.apple.product-type.bundle.ui-testing";
		};
/* End PBXNativeTarget section */

/* Begin PBXProject section */
		DF6DA0E92BAC8C3E002350FF /* Project object */ = {
			isa = PBXProject;
			attributes = {
				BuildIndependentTargetsInParallel = 1;
				LastSwiftUpdateCheck = 1430;
				LastUpgradeCheck = 1430;
				TargetAttributes = {
					DF6DA0F02BAC8C3E002350FF = {
						CreatedOnToolsVersion = 14.3.1;
					};
					DF6DA1062BAC8C40002350FF = {
						CreatedOnToolsVersion = 14.3.1;
						TestTargetID = DF6DA0F02BAC8C3E002350FF;
					};
					DF6DA1102BAC8C40002350FF = {
						CreatedOnToolsVersion = 14.3.1;
						TestTargetID = DF6DA0F02BAC8C3E002350FF;
					};
				};
			};
			buildConfigurationList = DF6DA0EC2BAC8C3E002350FF /* Build configuration list for PBXProject "weatherVk" */;
			compatibilityVersion = "Xcode 14.0";
			developmentRegion = en;
			hasScannedForEncodings = 0;
			knownRegions = (
				en,
				Base,
			);
			mainGroup = DF6DA0E82BAC8C3E002350FF;
			productRefGroup = DF6DA0F22BAC8C3E002350FF /* Products */;
			projectDirPath = "";
			projectRoot = "";
			targets = (
				DF6DA0F02BAC8C3E002350FF /* weatherVk */,
				DF6DA1062BAC8C40002350FF /* weatherVkTests */,
				DF6DA1102BAC8C40002350FF /* weatherVkUITests */,
			);
		};
/* End PBXProject section */

/* Begin PBXResourcesBuildPhase section */
		DF6DA0EF2BAC8C3E002350FF /* Resources */ = {
			isa = PBXResourcesBuildPhase;
			buildActionMask = 2147483647;
			files = (
				DF6DA1012BAC8C40002350FF /* LaunchScreen.storyboard in Resources */,
				DF6DA0FE2BAC8C40002350FF /* Assets.xcassets in Resources */,
				DF6DA0FC2BAC8C3E002350FF /* Main.storyboard in Resources */,
			);
			runOnlyForDeploymentPostprocessing = 0;
		};
		DF6DA1052BAC8C40002350FF /* Resources */ = {
			isa = PBXResourcesBuildPhase;
			buildActionMask = 2147483647;
			files = (
			);
			runOnlyForDeploymentPostprocessing = 0;
		};
		DF6DA10F2BAC8C40002350FF /* Resources */ = {
			isa = PBXResourcesBuildPhase;
			buildActionMask = 2147483647;
			files = (
			);
			runOnlyForDeploymentPostprocessing = 0;
		};
/* End PBXResourcesBuildPhase section */

/* Begin PBXSourcesBuildPhase section */
		DF6DA0ED2BAC8C3E002350FF /* Sources */ = {
			isa = PBXSourcesBuildPhase;
			buildActionMask = 2147483647;
			files = (
				DF6DA0F92BAC8C3E002350FF /* ViewController.swift in Sources */,
				DF6DA0F52BAC8C3E002350FF /* AppDelegate.swift in Sources */,
				DF6DA0F72BAC8C3E002350FF /* SceneDelegate.swift in Sources */,
			);
			runOnlyForDeploymentPostprocessing = 0;
		};
		DF6DA1032BAC8C40002350FF /* Sources */ = {
			isa = PBXSourcesBuildPhase;
			buildActionMask = 2147483647;
			files = (
				DF6DA10C2BAC8C40002350FF /* weatherVkTests.swift in Sources */,
			);
			runOnlyForDeploymentPostprocessing = 0;
		};
		DF6DA10D2BAC8C40002350FF /* Sources */ = {
			isa = PBXSourcesBuildPhase;
			buildActionMask = 2147483647;
			files = (
				DF6DA1182BAC8C40002350FF /* weatherVkUITestsLaunchTests.swift in Sources */,
				DF6DA1162BAC8C40002350FF /* weatherVkUITests.swift in Sources */,
			);
			runOnlyForDeploymentPostprocessing = 0;
		};
/* End PBXSourcesBuildPhase section */

/* Begin PBXTargetDependency section */
		DF6DA1092BAC8C40002350FF /* PBXTargetDependency */ = {
			isa = PBXTargetDependency;
			target = DF6DA0F02BAC8C3E002350FF /* weatherVk */;
			targetProxy = DF6DA1082BAC8C40002350FF /* PBXContainerItemProxy */;
		};
		DF6DA1132BAC8C40002350FF /* PBXTargetDependency */ = {
			isa = PBXTargetDependency;
			target = DF6DA0F02BAC8C3E002350FF /* weatherVk */;
			targetProxy = DF6DA1122BAC8C40002350FF /* PBXContainerItemProxy */;
		};
/* End PBXTargetDependency section */

/* Begin PBXVariantGroup section */
		DF6DA0FA2BAC8C3E002350FF /* Main.storyboard */ = {
			isa = PBXVariantGroup;
			children = (
				DF6DA0FB2BAC8C3E002350FF /* Base */,
			);
			name = Main.storyboard;
			sourceTree = "<group>";
		};
		DF6DA0FF2BAC8C40002350FF /* LaunchScreen.storyboard */ = {
			isa = PBXVariantGroup;
			children = (
				DF6DA1002BAC8C40002350FF /* Base */,
			);
			name = LaunchScreen.storyboard;
			sourceTree = "<group>";
		};
/* End PBXVariantGroup section */

/* Begin XCBuildConfiguration section */
		DF6DA1192BAC8C40002350FF /* Debug */ = {
			isa = XCBuildConfiguration;
			buildSettings = {
				ALWAYS_SEARCH_USER_PATHS = NO;
				CLANG_ANALYZER_NONNULL = YES;
				CLANG_ANALYZER_NUMBER_OBJECT_CONVERSION = YES_AGGRESSIVE;
				CLANG_CXX_LANGUAGE_STANDARD = "gnu++20";
				CLANG_ENABLE_MODULES = YES;
				CLANG_ENABLE_OBJC_ARC = YES;
				CLANG_ENABLE_OBJC_WEAK = YES;
				CLANG_WARN_BLOCK_CAPTURE_AUTORELEASING = YES;
				CLANG_WARN_BOOL_CONVERSION = YES;
				CLANG_WARN_COMMA = YES;
				CLANG_WARN_CONSTANT_CONVERSION = YES;
				CLANG_WARN_DEPRECATED_OBJC_IMPLEMENTATIONS = YES;
				CLANG_WARN_DIRECT_OBJC_ISA_USAGE = YES_ERROR;
				CLANG_WARN_DOCUMENTATION_COMMENTS = YES;
				CLANG_WARN_EMPTY_BODY = YES;
				CLANG_WARN_ENUM_CONVERSION = YES;
				CLANG_WARN_INFINITE_RECURSION = YES;
				CLANG_WARN_INT_CONVERSION = YES;
				CLANG_WARN_NON_LITERAL_NULL_CONVERSION = YES;
				CLANG_WARN_OBJC_IMPLICIT_RETAIN_SELF = YES;
				CLANG_WARN_OBJC_LITERAL_CONVERSION = YES;
				CLANG_WARN_OBJC_ROOT_CLASS = YES_ERROR;
				CLANG_WARN_QUOTED_INCLUDE_IN_FRAMEWORK_HEADER = YES;
				CLANG_WARN_RANGE_LOOP_ANALYSIS = YES;
				CLANG_WARN_STRICT_PROTOTYPES = YES;
				CLANG_WARN_SUSPICIOUS_MOVE = YES;
				CLANG_WARN_UNGUARDED_AVAILABILITY = YES_AGGRESSIVE;
				CLANG_WARN_UNREACHABLE_CODE = YES;
				CLANG_WARN__DUPLICATE_METHOD_MATCH = YES;
				COPY_PHASE_STRIP = NO;
				DEBUG_INFORMATION_FORMAT = dwarf;
				ENABLE_STRICT_OBJC_MSGSEND = YES;
				ENABLE_TESTABILITY = YES;
				GCC_C_LANGUAGE_STANDARD = gnu11;
				GCC_DYNAMIC_NO_PIC = NO;
				GCC_NO_COMMON_BLOCKS = YES;
				GCC_OPTIMIZATION_LEVEL = 0;
				GCC_PREPROCESSOR_DEFINITIONS = (
					"DEBUG=1",
					"$(inherited)",
				);
				GCC_WARN_64_TO_32_BIT_CONVERSION = YES;
				GCC_WARN_ABOUT_RETURN_TYPE = YES_ERROR;
				GCC_WARN_UNDECLARED_SELECTOR = YES;
				GCC_WARN_UNINITIALIZED_AUTOS = YES_AGGRESSIVE;
				GCC_WARN_UNUSED_FUNCTION = YES;
				GCC_WARN_UNUSED_VARIABLE = YES;
				IPHONEOS_DEPLOYMENT_TARGET = 16.4;
				MTL_ENABLE_DEBUG_INFO = INCLUDE_SOURCE;
				MTL_FAST_MATH = YES;
				ONLY_ACTIVE_ARCH = YES;
				SDKROOT = iphoneos;
				SWIFT_ACTIVE_COMPILATION_CONDITIONS = DEBUG;
				SWIFT_OPTIMIZATION_LEVEL = "-Onone";
			};
			name = Debug;
		};
		DF6DA11A2BAC8C40002350FF /* Release */ = {
			isa = XCBuildConfiguration;
			buildSettings = {
				ALWAYS_SEARCH_USER_PATHS = NO;
				CLANG_ANALYZER_NONNULL = YES;
				CLANG_ANALYZER_NUMBER_OBJECT_CONVERSION = YES_AGGRESSIVE;
				CLANG_CXX_LANGUAGE_STANDARD = "gnu++20";
				CLANG_ENABLE_MODULES = YES;
				CLANG_ENABLE_OBJC_ARC = YES;
				CLANG_ENABLE_OBJC_WEAK = YES;
				CLANG_WARN_BLOCK_CAPTURE_AUTORELEASING = YES;
				CLANG_WARN_BOOL_CONVERSION = YES;
				CLANG_WARN_COMMA = YES;
				CLANG_WARN_CONSTANT_CONVERSION = YES;
				CLANG_WARN_DEPRECATED_OBJC_IMPLEMENTATIONS = YES;
				CLANG_WARN_DIRECT_OBJC_ISA_USAGE = YES_ERROR;
				CLANG_WARN_DOCUMENTATION_COMMENTS = YES;
				CLANG_WARN_EMPTY_BODY = YES;
				CLANG_WARN_ENUM_CONVERSION = YES;
				CLANG_WARN_INFINITE_RECURSION = YES;
				CLANG_WARN_INT_CONVERSION = YES;
				CLANG_WARN_NON_LITERAL_NULL_CONVERSION = YES;
				CLANG_WARN_OBJC_IMPLICIT_RETAIN_SELF = YES;
				CLANG_WARN_OBJC_LITERAL_CONVERSION = YES;
				CLANG_WARN_OBJC_ROOT_CLASS = YES_ERROR;
				CLANG_WARN_QUOTED_INCLUDE_IN_FRAMEWORK_HEADER = YES;
				CLANG_WARN_RANGE_LOOP_ANALYSIS = YES;
				CLANG_WARN_STRICT_PROTOTYPES = YES;
				CLANG_WARN_SUSPICIOUS_MOVE = YES;
				CLANG_WARN_UNGUARDED_AVAILABILITY = YES_AGGRESSIVE;
				CLANG_WARN_UNREACHABLE_CODE = YES;
				CLANG_WARN__DUPLICATE_METHOD_MATCH = YES;
				COPY_PHASE_STRIP = NO;
				DEBUG_INFORMATION_FORMAT = "dwarf-with-dsym";
				ENABLE_NS_ASSERTIONS = NO;
				ENABLE_STRICT_OBJC_MSGSEND = YES;
				GCC_C_LANGUAGE_STANDARD = gnu11;
				GCC_NO_COMMON_BLOCKS = YES;
				GCC_WARN_64_TO_32_BIT_CONVERSION = YES;
				GCC_WARN_ABOUT_RETURN_TYPE = YES_ERROR;
				GCC_WARN_UNDECLARED_SELECTOR = YES;
				GCC_WARN_UNINITIALIZED_AUTOS = YES_AGGRESSIVE;
				GCC_WARN_UNUSED_FUNCTION = YES;
				GCC_WARN_UNUSED_VARIABLE = YES;
				IPHONEOS_DEPLOYMENT_TARGET = 16.4;
				MTL_ENABLE_DEBUG_INFO = NO;
				MTL_FAST_MATH = YES;
				SDKROOT = iphoneos;
				SWIFT_COMPILATION_MODE = wholemodule;
				SWIFT_OPTIMIZATION_LEVEL = "-O";
				VALIDATE_PRODUCT = YES;
			};
			name = Release;
		};
		DF6DA11C2BAC8C40002350FF /* Debug */ = {
			isa = XCBuildConfiguration;
			buildSettings = {
				ASSETCATALOG_COMPILER_APPICON_NAME = AppIcon;
				ASSETCATALOG_COMPILER_GLOBAL_ACCENT_COLOR_NAME = AccentColor;
				CODE_SIGN_STYLE = Automatic;
				CURRENT_PROJECT_VERSION = 1;
				GENERATE_INFOPLIST_FILE = YES;
				INFOPLIST_FILE = weatherVk/Info.plist;
				INFOPLIST_KEY_UIApplicationSupportsIndirectInputEvents = YES;
				INFOPLIST_KEY_UILaunchStoryboardName = LaunchScreen;
				INFOPLIST_KEY_UIMainStoryboardFile = Main;
				INFOPLIST_KEY_UISupportedInterfaceOrientations_iPad = "UIInterfaceOrientationPortrait UIInterfaceOrientationPortraitUpsideDown UIInterfaceOrientationLandscapeLeft UIInterfaceOrientationLandscapeRight";
				INFOPLIST_KEY_UISupportedInterfaceOrientations_iPhone = "UIInterfaceOrientationPortrait UIInterfaceOrientationLandscapeLeft UIInterfaceOrientationLandscapeRight";
				LD_RUNPATH_SEARCH_PATHS = (
					"$(inherited)",
					"@executable_path/Frameworks",
				);
				MARKETING_VERSION = 1.0;
				PRODUCT_BUNDLE_IDENTIFIER = "-.weatherVk";
				PRODUCT_NAME = "$(TARGET_NAME)";
				SWIFT_EMIT_LOC_STRINGS = YES;
				SWIFT_VERSION = 5.0;
				TARGETED_DEVICE_FAMILY = "1,2";
			};
			name = Debug;
		};
		DF6DA11D2BAC8C40002350FF /* Release */ = {
			isa = XCBuildConfiguration;
			buildSettings = {
				ASSETCATALOG_COMPILER_APPICON_NAME = AppIcon;
				ASSETCATALOG_COMPILER_GLOBAL_ACCENT_COLOR_NAME = AccentColor;
				CODE_SIGN_STYLE = Automatic;
				CURRENT_PROJECT_VERSION = 1;
				GENERATE_INFOPLIST_FILE = YES;
				INFOPLIST_FILE = weatherVk/Info.plist;
				INFOPLIST_KEY_UIApplicationSupportsIndirectInputEvents = YES;
				INFOPLIST_KEY_UILaunchStoryboardName = LaunchScreen;
				INFOPLIST_KEY_UIMainStoryboardFile = Main;
				INFOPLIST_KEY_UISupportedInterfaceOrientations_iPad = "UIInterfaceOrientationPortrait UIInterfaceOrientationPortraitUpsideDown UIInterfaceOrientationLandscapeLeft UIInterfaceOrientationLandscapeRight";
				INFOPLIST_KEY_UISupportedInterfaceOrientations_iPhone = "UIInterfaceOrientationPortrait UIInterfaceOrientationLandscapeLeft UIInterfaceOrientationLandscapeRight";
				LD_RUNPATH_SEARCH_PATHS = (
					"$(inherited)",
					"@executable_path/Frameworks",
				);
				MARKETING_VERSION = 1.0;
				PRODUCT_BUNDLE_IDENTIFIER = "-.weatherVk";
				PRODUCT_NAME = "$(TARGET_NAME)";
				SWIFT_EMIT_LOC_STRINGS = YES;
				SWIFT_VERSION = 5.0;
				TARGETED_DEVICE_FAMILY = "1,2";
			};
			name = Release;
		};
		DF6DA11F2BAC8C40002350FF /* Debug */ = {
			isa = XCBuildConfiguration;
			buildSettings = {
				ALWAYS_EMBED_SWIFT_STANDARD_LIBRARIES = YES;
				BUNDLE_LOADER = "$(TEST_HOST)";
				CODE_SIGN_STYLE = Automatic;
				CURRENT_PROJECT_VERSION = 1;
				GENERATE_INFOPLIST_FILE = YES;
				IPHONEOS_DEPLOYMENT_TARGET = 16.4;
				MARKETING_VERSION = 1.0;
				PRODUCT_BUNDLE_IDENTIFIER = "-.weatherVkTests";
				PRODUCT_NAME = "$(TARGET_NAME)";
				SWIFT_EMIT_LOC_STRINGS = NO;
				SWIFT_VERSION = 5.0;
				TARGETED_DEVICE_FAMILY = "1,2";
				TEST_HOST = "$(BUILT_PRODUCTS_DIR)/weatherVk.app/$(BUNDLE_EXECUTABLE_FOLDER_PATH)/weatherVk";
			};
			name = Debug;
		};
		DF6DA1202BAC8C40002350FF /* Release */ = {
			isa = XCBuildConfiguration;
			buildSettings = {
				ALWAYS_EMBED_SWIFT_STANDARD_LIBRARIES = YES;
				BUNDLE_LOADER = "$(TEST_HOST)";
				CODE_SIGN_STYLE = Automatic;
				CURRENT_PROJECT_VERSION = 1;
				GENERATE_INFOPLIST_FILE = YES;
				IPHONEOS_DEPLOYMENT_TARGET = 16.4;
				MARKETING_VERSION = 1.0;
				PRODUCT_BUNDLE_IDENTIFIER = "-.weatherVkTests";
				PRODUCT_NAME = "$(TARGET_NAME)";
				SWIFT_EMIT_LOC_STRINGS = NO;
				SWIFT_VERSION = 5.0;
				TARGETED_DEVICE_FAMILY = "1,2";
				TEST_HOST = "$(BUILT_PRODUCTS_DIR)/weatherVk.app/$(BUNDLE_EXECUTABLE_FOLDER_PATH)/weatherVk";
			};
			name = Release;
		};
		DF6DA1222BAC8C40002350FF /* Debug */ = {
			isa = XCBuildConfiguration;
			buildSettings = {
				ALWAYS_EMBED_SWIFT_STANDARD_LIBRARIES = YES;
				CODE_SIGN_STYLE = Automatic;
				CURRENT_PROJECT_VERSION = 1;
				GENERATE_INFOPLIST_FILE = YES;
				MARKETING_VERSION = 1.0;
				PRODUCT_BUNDLE_IDENTIFIER = "-.weatherVkUITests";
				PRODUCT_NAME = "$(TARGET_NAME)";
				SWIFT_EMIT_LOC_STRINGS = NO;
				SWIFT_VERSION = 5.0;
				TARGETED_DEVICE_FAMILY = "1,2";
				TEST_TARGET_NAME = weatherVk;
			};
			name = Debug;
		};
		DF6DA1232BAC8C40002350FF /* Release */ = {
			isa = XCBuildConfiguration;
			buildSettings = {
				ALWAYS_EMBED_SWIFT_STANDARD_LIBRARIES = YES;
				CODE_SIGN_STYLE = Automatic;
				CURRENT_PROJECT_VERSION = 1;
				GENERATE_INFOPLIST_FILE = YES;
				MARKETING_VERSION = 1.0;
				PRODUCT_BUNDLE_IDENTIFIER = "-.weatherVkUITests";
				PRODUCT_NAME = "$(TARGET_NAME)";
				SWIFT_EMIT_LOC_STRINGS = NO;
				SWIFT_VERSION = 5.0;
				TARGETED_DEVICE_FAMILY = "1,2";
				TEST_TARGET_NAME = weatherVk;
			};
			name = Release;
		};
/* End XCBuildConfiguration section */

/* Begin XCConfigurationList section */
		DF6DA0EC2BAC8C3E002350FF /* Build configuration list for PBXProject "weatherVk" */ = {
			isa = XCConfigurationList;
			buildConfigurations = (
				DF6DA1192BAC8C40002350FF /* Debug */,
				DF6DA11A2BAC8C40002350FF /* Release */,
			);
			defaultConfigurationIsVisible = 0;
			defaultConfigurationName = Release;
		};
		DF6DA11B2BAC8C40002350FF /* Build configuration list for PBXNativeTarget "weatherVk" */ = {
			isa = XCConfigurationList;
			buildConfigurations = (
				DF6DA11C2BAC8C40002350FF /* Debug */,
				DF6DA11D2BAC8C40002350FF /* Release */,
			);
			defaultConfigurationIsVisible = 0;
			defaultConfigurationName = Release;
		};
		DF6DA11E2BAC8C40002350FF /* Build configuration list for PBXNativeTarget "weatherVkTests" */ = {
			isa = XCConfigurationList;
			buildConfigurations = (
				DF6DA11F2BAC8C40002350FF /* Debug */,
				DF6DA1202BAC8C40002350FF /* Release */,
			);
			defaultConfigurationIsVisible = 0;
			defaultConfigurationName = Release;
		};
		DF6DA1212BAC8C40002350FF /* Build configuration list for PBXNativeTarget "weatherVkUITests" */ = {
			isa = XCConfigurationList;
			buildConfigurations = (
				DF6DA1222BAC8C40002350FF /* Debug */,
				DF6DA1232BAC8C40002350FF /* Release */,
			);
			defaultConfigurationIsVisible = 0;
			defaultConfigurationName = Release;
		};
/* End XCConfigurationList section */
	};
	rootObject = DF6DA0E92BAC8C3E002350FF /* Project object */;
}
